
Microsoft Visual Studio Solution File, Format Version 12.00
# Visual Studio Version 16
VisualStudioVersion = 16.0.32901.82
MinimumVisualStudioVersion = 10.0.40219.1
Project("{2150E333-8FDC-42A3-9474-1A3956D46DE8}") = "Solution Items", "Solution Items", "{3049502E-2389-4C0B-88EB-485A0C4C79C1}"
	ProjectSection(SolutionItems) = preProject
		CHANGELOG.md = CHANGELOG.md
		README.md = README.md
	EndProjectSection
EndProject
Project("{FAE04EC0-301F-11D3-BF4B-00C04F79EFBC}") = "PoorMansTSqlFormatterLib", "PoorMansTSqlFormatterLib\PoorMansTSqlFormatterLib.csproj", "{ADBDFDCA-CAB6-4569-9151-0BD42E65B400}"
EndProject
Project("{FAE04EC0-301F-11D3-BF4B-00C04F79EFBC}") = "PoorMansTSqlFormatterTests", "PoorMansTSqlFormatterTest\PoorMansTSqlFormatterTests.csproj", "{FBBF4CE8-C24D-4A43-9D8C-B54B2E7E3FB7}"
EndProject
Project("{FAE04EC0-301F-11D3-BF4B-00C04F79EFBC}") = "PoorMansTSqlFormatterPluginShared", "PoorMansTSqlFormatterPluginShared\PoorMansTSqlFormatterPluginShared.csproj", "{4C350944-937B-4416-8442-3197FC7098F2}"
EndProject
Project("{FAE04EC0-301F-11D3-BF4B-00C04F79EFBC}") = "PoorMansTSqlFormatterLib_35", "PoorMansTSqlFormatterLib\PoorMansTSqlFormatterLib_35.csproj", "{DBBDE1C0-D108-4B68-A7D2-C1CE55BBC704}"
EndProject
Global
	GlobalSection(SolutionConfigurationPlatforms) = preSolution
		Debug|PureDotNet = Debug|PureDotNet
		Debug|x64 = Debug|x64
		Debug|x86 = Debug|x86
		Release|PureDotNet = Release|PureDotNet
		Release|x64 = Release|x64
		Release|x86 = Release|x86
	EndGlobalSection
	GlobalSection(ProjectConfigurationPlatforms) = postSolution
		{ADBDFDCA-CAB6-4569-9151-0BD42E65B400}.Debug|PureDotNet.ActiveCfg = Release|Any CPU
		{ADBDFDCA-CAB6-4569-9151-0BD42E65B400}.Debug|PureDotNet.Build.0 = Release|Any CPU
		{ADBDFDCA-CAB6-4569-9151-0BD42E65B400}.Debug|x64.ActiveCfg = Debug|Any CPU
		{ADBDFDCA-CAB6-4569-9151-0BD42E65B400}.Debug|x64.Build.0 = Debug|Any CPU
		{ADBDFDCA-CAB6-4569-9151-0BD42E65B400}.Debug|x86.ActiveCfg = Debug|Any CPU
		{ADBDFDCA-CAB6-4569-9151-0BD42E65B400}.Debug|x86.Build.0 = Debug|Any CPU
		{ADBDFDCA-CAB6-4569-9151-0BD42E65B400}.Release|PureDotNet.ActiveCfg = Release|Any CPU
		{ADBDFDCA-CAB6-4569-9151-0BD42E65B400}.Release|PureDotNet.Build.0 = Release|Any CPU
		{ADBDFDCA-CAB6-4569-9151-0BD42E65B400}.Release|x64.ActiveCfg = Release|Any CPU
		{ADBDFDCA-CAB6-4569-9151-0BD42E65B400}.Release|x64.Build.0 = Release|Any CPU
		{ADBDFDCA-CAB6-4569-9151-0BD42E65B400}.Release|x86.ActiveCfg = Release|Any CPU
		{ADBDFDCA-CAB6-4569-9151-0BD42E65B400}.Release|x86.Build.0 = Release|Any CPU
		{FBBF4CE8-C24D-4A43-9D8C-B54B2E7E3FB7}.Debug|PureDotNet.ActiveCfg = Release|Any CPU
		{FBBF4CE8-C24D-4A43-9D8C-B54B2E7E3FB7}.Debug|PureDotNet.Build.0 = Release|Any CPU
		{FBBF4CE8-C24D-4A43-9D8C-B54B2E7E3FB7}.Debug|x64.ActiveCfg = Debug|Any CPU
		{FBBF4CE8-C24D-4A43-9D8C-B54B2E7E3FB7}.Debug|x86.ActiveCfg = Debug|Any CPU
		{FBBF4CE8-C24D-4A43-9D8C-B54B2E7E3FB7}.Release|PureDotNet.ActiveCfg = Release|Any CPU
		{FBBF4CE8-C24D-4A43-9D8C-B54B2E7E3FB7}.Release|PureDotNet.Build.0 = Release|Any CPU
		{FBBF4CE8-C24D-4A43-9D8C-B54B2E7E3FB7}.Release|x64.ActiveCfg = Release|Any CPU
		{FBBF4CE8-C24D-4A43-9D8C-B54B2E7E3FB7}.Release|x86.ActiveCfg = Release|Any CPU
		{4C350944-937B-4416-8442-3197FC7098F2}.Debug|PureDotNet.ActiveCfg = Release|Any CPU
		{4C350944-937B-4416-8442-3197FC7098F2}.Debug|PureDotNet.Build.0 = Release|Any CPU
		{4C350944-937B-4416-8442-3197FC7098F2}.Debug|x64.ActiveCfg = Debug|Any CPU
		{4C350944-937B-4416-8442-3197FC7098F2}.Debug|x64.Build.0 = Debug|Any CPU
		{4C350944-937B-4416-8442-3197FC7098F2}.Debug|x86.ActiveCfg = Debug|Any CPU
		{4C350944-937B-4416-8442-3197FC7098F2}.Debug|x86.Build.0 = Debug|Any CPU
		{4C350944-937B-4416-8442-3197FC7098F2}.Release|PureDotNet.ActiveCfg = Release|Any CPU
		{4C350944-937B-4416-8442-3197FC7098F2}.Release|PureDotNet.Build.0 = Release|Any CPU
		{4C350944-937B-4416-8442-3197FC7098F2}.Release|x64.ActiveCfg = Release|Any CPU
		{4C350944-937B-4416-8442-3197FC7098F2}.Release|x64.Build.0 = Release|Any CPU
		{4C350944-937B-4416-8442-3197FC7098F2}.Release|x86.ActiveCfg = Release|Any CPU
		{4C350944-937B-4416-8442-3197FC7098F2}.Release|x86.Build.0 = Release|Any CPU
		{DBBDE1C0-D108-4B68-A7D2-C1CE55BBC704}.Debug|PureDotNet.ActiveCfg = Release|Any CPU
		{DBBDE1C0-D108-4B68-A7D2-C1CE55BBC704}.Debug|PureDotNet.Build.0 = Release|Any CPU
		{DBBDE1C0-D108-4B68-A7D2-C1CE55BBC704}.Debug|x64.ActiveCfg = Debug|Any CPU
		{DBBDE1C0-D108-4B68-A7D2-C1CE55BBC704}.Debug|x86.ActiveCfg = Debug|Any CPU
		{DBBDE1C0-D108-4B68-A7D2-C1CE55BBC704}.Release|PureDotNet.ActiveCfg = Release|Any CPU
		{DBBDE1C0-D108-4B68-A7D2-C1CE55BBC704}.Release|PureDotNet.Build.0 = Release|Any CPU
		{DBBDE1C0-D108-4B68-A7D2-C1CE55BBC704}.Release|x64.ActiveCfg = Release|Any CPU
		{DBBDE1C0-D108-4B68-A7D2-C1CE55BBC704}.Release|x86.ActiveCfg = Release|Any CPU
	EndGlobalSection
	GlobalSection(SolutionProperties) = preSolution
		HideSolutionNode = FALSE
	EndGlobalSection
	GlobalSection(ExtensibilityGlobals) = postSolution
		SolutionGuid = {37C2E476-2711-4476-8B03-F1FB68C9C9C3}
	EndGlobalSection
EndGlobal
